
Microsoft Visual Studio Solution File, Format Version 11.00
# Visual Studio 2010
Project("{FAE04EC0-301F-11D3-BF4B-00C04F79EFBC}") = "UnityFX", "Assembly-CSharp.csproj", "{7477A379-8E7C-4A4F-ACEF-0A871F8D08BB}"
EndProject
Project("{FAE04EC0-301F-11D3-BF4B-00C04F79EFBC}") = "UnityFX", "Assembly-CSharp-Editor.csproj", "{43ED4766-E4A5-F80D-502D-B72A8BE05FD6}"
EndProject
Global
	GlobalSection(SolutionConfigurationPlatforms) = preSolution
		Debug|Any CPU = Debug|Any CPU
		Release|Any CPU = Release|Any CPU
	EndGlobalSection
	GlobalSection(ProjectConfigurationPlatforms) = postSolution
		{7477A379-8E7C-4A4F-ACEF-0A871F8D08BB}.Debug|Any CPU.ActiveCfg = Debug|Any CPU
		{7477A379-8E7C-4A4F-ACEF-0A871F8D08BB}.Debug|Any CPU.Build.0 = Debug|Any CPU
		{7477A379-8E7C-4A4F-ACEF-0A871F8D08BB}.Release|Any CPU.ActiveCfg = Release|Any CPU
		{7477A379-8E7C-4A4F-ACEF-0A871F8D08BB}.Release|Any CPU.Build.0 = Release|Any CPU
		{43ED4766-E4A5-F80D-502D-B72A8BE05FD6}.Debug|Any CPU.ActiveCfg = Debug|Any CPU
		{43ED4766-E4A5-F80D-502D-B72A8BE05FD6}.Debug|Any CPU.Build.0 = Debug|Any CPU
		{43ED4766-E4A5-F80D-502D-B72A8BE05FD6}.Release|Any CPU.ActiveCfg = Release|Any CPU
		{43ED4766-E4A5-F80D-502D-B72A8BE05FD6}.Release|Any CPU.Build.0 = Release|Any CPU
	EndGlobalSection
	GlobalSection(SolutionProperties) = preSolution
		HideSolutionNode = FALSE
	EndGlobalSection
	GlobalSection(MonoDevelopProperties) = preSolution
		StartupItem = Assembly-CSharp.csproj
	EndGlobalSection
EndGlobal
